
Microsoft Visual Studio Solution File, Format Version 12.00
# Visual Studio Version 17
VisualStudioVersion = 17.5.33530.505
MinimumVisualStudioVersion = 10.0.40219.1
Project("{FAE04EC0-301F-11D3-BF4B-00C04F79EFBC}") = "NutriFitPro.Android", "NutriFitPro.Android\NutriFitPro.Android.csproj", "{FED58659-1F7C-4607-91DB-35B6B5D24237}"
EndProject
Project("{FAE04EC0-301F-11D3-BF4B-00C04F79EFBC}") = "NutriFitPro.iOS", "NutriFitPro.iOS\NutriFitPro.iOS.csproj", "{E9EAA3EE-2D26-4D01-89FF-F0FD8E578A4A}"
EndProject
Project("{FAE04EC0-301F-11D3-BF4B-00C04F79EFBC}") = "NutriFitPro", "NutriFitPro\NutriFitPro.csproj", "{41858EBD-EDE1-4AAE-BB12-170D772FEF20}"
EndProject
Global
	GlobalSection(SolutionConfigurationPlatforms) = preSolution
		Debug|Any CPU = Debug|Any CPU
		Debug|iPhone = Debug|iPhone
		Debug|iPhoneSimulator = Debug|iPhoneSimulator
		Release|Any CPU = Release|Any CPU
		Release|iPhone = Release|iPhone
		Release|iPhoneSimulator = Release|iPhoneSimulator
	EndGlobalSection
	GlobalSection(ProjectConfigurationPlatforms) = postSolution
		{FED58659-1F7C-4607-91DB-35B6B5D24237}.Debug|Any CPU.ActiveCfg = Debug|Any CPU
		{FED58659-1F7C-4607-91DB-35B6B5D24237}.Debug|Any CPU.Build.0 = Debug|Any CPU
		{FED58659-1F7C-4607-91DB-35B6B5D24237}.Debug|Any CPU.Deploy.0 = Debug|Any CPU
		{FED58659-1F7C-4607-91DB-35B6B5D24237}.Debug|iPhone.ActiveCfg = Debug|Any CPU
		{FED58659-1F7C-4607-91DB-35B6B5D24237}.Debug|iPhone.Build.0 = Debug|Any CPU
		{FED58659-1F7C-4607-91DB-35B6B5D24237}.Debug|iPhone.Deploy.0 = Debug|Any CPU
		{FED58659-1F7C-4607-91DB-35B6B5D24237}.Debug|iPhoneSimulator.ActiveCfg = Debug|Any CPU
		{FED58659-1F7C-4607-91DB-35B6B5D24237}.Debug|iPhoneSimulator.Build.0 = Debug|Any CPU
		{FED58659-1F7C-4607-91DB-35B6B5D24237}.Debug|iPhoneSimulator.Deploy.0 = Debug|Any CPU
		{FED58659-1F7C-4607-91DB-35B6B5D24237}.Release|Any CPU.ActiveCfg = Release|Any CPU
		{FED58659-1F7C-4607-91DB-35B6B5D24237}.Release|Any CPU.Build.0 = Release|Any CPU
		{FED58659-1F7C-4607-91DB-35B6B5D24237}.Release|Any CPU.Deploy.0 = Release|Any CPU
		{FED58659-1F7C-4607-91DB-35B6B5D24237}.Release|iPhone.ActiveCfg = Release|Any CPU
		{FED58659-1F7C-4607-91DB-35B6B5D24237}.Release|iPhone.Build.0 = Release|Any CPU
		{FED58659-1F7C-4607-91DB-35B6B5D24237}.Release|iPhone.Deploy.0 = Release|Any CPU
		{FED58659-1F7C-4607-91DB-35B6B5D24237}.Release|iPhoneSimulator.ActiveCfg = Release|Any CPU
		{FED58659-1F7C-4607-91DB-35B6B5D24237}.Release|iPhoneSimulator.Build.0 = Release|Any CPU
		{FED58659-1F7C-4607-91DB-35B6B5D24237}.Release|iPhoneSimulator.Deploy.0 = Release|Any CPU
		{E9EAA3EE-2D26-4D01-89FF-F0FD8E578A4A}.Debug|Any CPU.ActiveCfg = Debug|iPhone
		{E9EAA3EE-2D26-4D01-89FF-F0FD8E578A4A}.Debug|Any CPU.Build.0 = Debug|iPhone
		{E9EAA3EE-2D26-4D01-89FF-F0FD8E578A4A}.Debug|Any CPU.Deploy.0 = Debug|iPhone
		{E9EAA3EE-2D26-4D01-89FF-F0FD8E578A4A}.Debug|iPhone.ActiveCfg = Debug|iPhone
		{E9EAA3EE-2D26-4D01-89FF-F0FD8E578A4A}.Debug|iPhone.Build.0 = Debug|iPhone
		{E9EAA3EE-2D26-4D01-89FF-F0FD8E578A4A}.Debug|iPhone.Deploy.0 = Debug|iPhone
		{E9EAA3EE-2D26-4D01-89FF-F0FD8E578A4A}.Debug|iPhoneSimulator.ActiveCfg = Debug|iPhoneSimulator
		{E9EAA3EE-2D26-4D01-89FF-F0FD8E578A4A}.Debug|iPhoneSimulator.Build.0 = Debug|iPhoneSimulator
		{E9EAA3EE-2D26-4D01-89FF-F0FD8E578A4A}.Debug|iPhoneSimulator.Deploy.0 = Debug|iPhoneSimulator
		{E9EAA3EE-2D26-4D01-89FF-F0FD8E578A4A}.Release|Any CPU.ActiveCfg = Release|iPhoneSimulator
		{E9EAA3EE-2D26-4D01-89FF-F0FD8E578A4A}.Release|Any CPU.Build.0 = Release|iPhoneSimulator
		{E9EAA3EE-2D26-4D01-89FF-F0FD8E578A4A}.Release|Any CPU.Deploy.0 = Release|iPhoneSimulator
		{E9EAA3EE-2D26-4D01-89FF-F0FD8E578A4A}.Release|iPhone.ActiveCfg = Release|iPhone
		{E9EAA3EE-2D26-4D01-89FF-F0FD8E578A4A}.Release|iPhone.Build.0 = Release|iPhone
		{E9EAA3EE-2D26-4D01-89FF-F0FD8E578A4A}.Release|iPhone.Deploy.0 = Release|iPhone
		{E9EAA3EE-2D26-4D01-89FF-F0FD8E578A4A}.Release|iPhoneSimulator.ActiveCfg = Release|iPhoneSimulator
		{E9EAA3EE-2D26-4D01-89FF-F0FD8E578A4A}.Release|iPhoneSimulator.Build.0 = Release|iPhoneSimulator
		{E9EAA3EE-2D26-4D01-89FF-F0FD8E578A4A}.Release|iPhoneSimulator.Deploy.0 = Release|iPhoneSimulator
		{41858EBD-EDE1-4AAE-BB12-170D772FEF20}.Debug|Any CPU.ActiveCfg = Debug|Any CPU
		{41858EBD-EDE1-4AAE-BB12-170D772FEF20}.Debug|Any CPU.Build.0 = Debug|Any CPU
		{41858EBD-EDE1-4AAE-BB12-170D772FEF20}.Debug|Any CPU.Deploy.0 = Debug|Any CPU
		{41858EBD-EDE1-4AAE-BB12-170D772FEF20}.Debug|iPhone.ActiveCfg = Debug|Any CPU
		{41858EBD-EDE1-4AAE-BB12-170D772FEF20}.Debug|iPhone.Build.0 = Debug|Any CPU
		{41858EBD-EDE1-4AAE-BB12-170D772FEF20}.Debug|iPhone.Deploy.0 = Debug|Any CPU
		{41858EBD-EDE1-4AAE-BB12-170D772FEF20}.Debug|iPhoneSimulator.ActiveCfg = Debug|Any CPU
		{41858EBD-EDE1-4AAE-BB12-170D772FEF20}.Debug|iPhoneSimulator.Build.0 = Debug|Any CPU
		{41858EBD-EDE1-4AAE-BB12-170D772FEF20}.Debug|iPhoneSimulator.Deploy.0 = Debug|Any CPU
		{41858EBD-EDE1-4AAE-BB12-170D772FEF20}.Release|Any CPU.ActiveCfg = Release|Any CPU
		{41858EBD-EDE1-4AAE-BB12-170D772FEF20}.Release|Any CPU.Build.0 = Release|Any CPU
		{41858EBD-EDE1-4AAE-BB12-170D772FEF20}.Release|Any CPU.Deploy.0 = Release|Any CPU
		{41858EBD-EDE1-4AAE-BB12-170D772FEF20}.Release|iPhone.ActiveCfg = Release|Any CPU
		{41858EBD-EDE1-4AAE-BB12-170D772FEF20}.Release|iPhone.Build.0 = Release|Any CPU
		{41858EBD-EDE1-4AAE-BB12-170D772FEF20}.Release|iPhone.Deploy.0 = Release|Any CPU
		{41858EBD-EDE1-4AAE-BB12-170D772FEF20}.Release|iPhoneSimulator.ActiveCfg = Release|Any CPU
		{41858EBD-EDE1-4AAE-BB12-170D772FEF20}.Release|iPhoneSimulator.Build.0 = Release|Any CPU
		{41858EBD-EDE1-4AAE-BB12-170D772FEF20}.Release|iPhoneSimulator.Deploy.0 = Release|Any CPU
	EndGlobalSection
	GlobalSection(SolutionProperties) = preSolution
		HideSolutionNode = FALSE
	EndGlobalSection
	GlobalSection(ExtensibilityGlobals) = postSolution
		SolutionGuid = {AD53F290-7433-49A2-8F74-8CF42F5F4DA3}
	EndGlobalSection
EndGlobal
